
Microsoft Visual Studio Solution File, Format Version 12.00
# Visual Studio Version 16
VisualStudioVersion = 16.0.30621.155
MinimumVisualStudioVersion = 10.0.40219.1
Project("{8BC9CEB8-8B4A-11D0-8D11-00A0C91BC942}") = "Chapter6", "Chapter6.vcxproj", "{F80E8935-C56F-44C9-8685-4FFD54077DAA}"
EndProject
Global
	GlobalSection(SolutionConfigurationPlatforms) = preSolution
		Debug|x64 = Debug|x64
		Debug|x86 = Debug|x86
		Release|x64 = Release|x64
		Release|x86 = Release|x86
	EndGlobalSection
	GlobalSection(ProjectConfigurationPlatforms) = postSolution
		{F80E8935-C56F-44C9-8685-4FFD54077DAA}.Debug|x64.ActiveCfg = Debug|x64
		{F80E8935-C56F-44C9-8685-4FFD54077DAA}.Debug|x64.Build.0 = Debug|x64
		{F80E8935-C56F-44C9-8685-4FFD54077DAA}.Debug|x86.ActiveCfg = Debug|Win32
		{F80E8935-C56F-44C9-8685-4FFD54077DAA}.Debug|x86.Build.0 = Debug|Win32
		{F80E8935-C56F-44C9-8685-4FFD54077DAA}.Release|x64.ActiveCfg = Release|x64
		{F80E8935-C56F-44C9-8685-4FFD54077DAA}.Release|x64.Build.0 = Release|x64
		{F80E8935-C56F-44C9-8685-4FFD54077DAA}.Release|x86.ActiveCfg = Release|Win32
		{F80E8935-C56F-44C9-8685-4FFD54077DAA}.Release|x86.Build.0 = Release|Win32
	EndGlobalSection
	GlobalSection(SolutionProperties) = preSolution
		HideSolutionNode = FALSE
	EndGlobalSection
	GlobalSection(ExtensibilityGlobals) = postSolution
		SolutionGuid = {54C0D840-6DAC-4489-BBD4-FD8F82F01622}
	EndGlobalSection
EndGlobal
